PODS:
  - Alamofire (5.6.2)
  - NVActivityIndicatorView (5.1.1):
    - NVActivityIndicatorView/Base (= 5.1.1)
  - NVActivityIndicatorView/Base (5.1.1)
  - SDWebImage (5.13.2):
    - SDWebImage/Core (= 5.13.2)
  - SDWebImage/Core (5.13.2)
  - Toaster (2.3.0)

DEPENDENCIES:
  - Alamofire
  - NVActivityIndicatorView
  - SDWebImage
  - Toaster

SPEC REPOS:
  trunk:
    - Alamofire
    - NVActivityIndicatorView
    - SDWebImage
    - Toaster

SPEC CHECKSUMS:
  Alamofire: d368e1ff8a298e6dde360e35a3e68e6c610e7204
  NVActivityIndicatorView: 1f6c5687f1171810aa27a3296814dc2d7dec3667
  SDWebImage: 72f86271a6f3139cc7e4a89220946489d4b9a866
  Toaster: c3473963c78e8cabbf6ea6f11ad0fdaae6f54987

PODFILE CHECKSUM: bd23f5858b120ced0044cda589259e3a3efaba3c

COCOAPODS: 1.11.3
